
Microsoft Visual Studio Solution File, Format Version 12.00
# Visual Studio 14
VisualStudioVersion = 14.0.25420.1
MinimumVisualStudioVersion = 10.0.40219.1
Project("{2150E333-8FDC-42A3-9474-1A3956D46DE8}") = "GloboMart.Services", "GloboMart.Services", "{F1A99C68-8751-46AA-AD49-50A76128CF89}"
EndProject
Project("{FAE04EC0-301F-11D3-BF4B-00C04F79EFBC}") = "Product.Catalogue", "Product.Catalogue\Product.Catalogue.csproj", "{37870642-4772-4CAC-A6DD-B3F1AF756D24}"
EndProject
Project("{FAE04EC0-301F-11D3-BF4B-00C04F79EFBC}") = "Product.Catalogue.Tests", "Product.Catalogue.Tests\Product.Catalogue.Tests.csproj", "{E2171431-A613-4A15-9C51-2344B9519DCA}"
EndProject
Project("{FAE04EC0-301F-11D3-BF4B-00C04F79EFBC}") = "Product.Pricing", "Product.Pricing\Product.Pricing.csproj", "{BB57887B-7786-4759-973A-D2121E59FF16}"
EndProject
Project("{FAE04EC0-301F-11D3-BF4B-00C04F79EFBC}") = "Product.Pricing.Tests", "Product.Pricing.Tests\Product.Pricing.Tests.csproj", "{78E66265-EF30-4994-97CE-66752D788F0A}"
EndProject
Project("{2150E333-8FDC-42A3-9474-1A3956D46DE8}") = "GloboMart.Common", "GloboMart.Common", "{CEE3C861-BAC7-4E6F-BD60-F684222F9AEF}"
EndProject
Project("{FAE04EC0-301F-11D3-BF4B-00C04F79EFBC}") = "GloboMart.Common.Models", "GloboMart.Common.Models\GloboMart.Common.Models.csproj", "{FBF6E02D-F0E7-4243-993D-867CDEC1FDA0}"
EndProject
Project("{FAE04EC0-301F-11D3-BF4B-00C04F79EFBC}") = "GloboMart.Common.Helpers", "GloboMart.Common.Helpers\GloboMart.Common.Helpers.csproj", "{96DEB75D-6E98-4D73-B509-30ECC56C2E72}"
EndProject
Global
	GlobalSection(SolutionConfigurationPlatforms) = preSolution
		Debug|Any CPU = Debug|Any CPU
		Release|Any CPU = Release|Any CPU
	EndGlobalSection
	GlobalSection(ProjectConfigurationPlatforms) = postSolution
		{37870642-4772-4CAC-A6DD-B3F1AF756D24}.Debug|Any CPU.ActiveCfg = Debug|Any CPU
		{37870642-4772-4CAC-A6DD-B3F1AF756D24}.Debug|Any CPU.Build.0 = Debug|Any CPU
		{37870642-4772-4CAC-A6DD-B3F1AF756D24}.Release|Any CPU.ActiveCfg = Release|Any CPU
		{37870642-4772-4CAC-A6DD-B3F1AF756D24}.Release|Any CPU.Build.0 = Release|Any CPU
		{E2171431-A613-4A15-9C51-2344B9519DCA}.Debug|Any CPU.ActiveCfg = Debug|Any CPU
		{E2171431-A613-4A15-9C51-2344B9519DCA}.Debug|Any CPU.Build.0 = Debug|Any CPU
		{E2171431-A613-4A15-9C51-2344B9519DCA}.Release|Any CPU.ActiveCfg = Release|Any CPU
		{E2171431-A613-4A15-9C51-2344B9519DCA}.Release|Any CPU.Build.0 = Release|Any CPU
		{BB57887B-7786-4759-973A-D2121E59FF16}.Debug|Any CPU.ActiveCfg = Debug|Any CPU
		{BB57887B-7786-4759-973A-D2121E59FF16}.Debug|Any CPU.Build.0 = Debug|Any CPU
		{BB57887B-7786-4759-973A-D2121E59FF16}.Release|Any CPU.ActiveCfg = Release|Any CPU
		{BB57887B-7786-4759-973A-D2121E59FF16}.Release|Any CPU.Build.0 = Release|Any CPU
		{78E66265-EF30-4994-97CE-66752D788F0A}.Debug|Any CPU.ActiveCfg = Debug|Any CPU
		{78E66265-EF30-4994-97CE-66752D788F0A}.Debug|Any CPU.Build.0 = Debug|Any CPU
		{78E66265-EF30-4994-97CE-66752D788F0A}.Release|Any CPU.ActiveCfg = Release|Any CPU
		{78E66265-EF30-4994-97CE-66752D788F0A}.Release|Any CPU.Build.0 = Release|Any CPU
		{FBF6E02D-F0E7-4243-993D-867CDEC1FDA0}.Debug|Any CPU.ActiveCfg = Debug|Any CPU
		{FBF6E02D-F0E7-4243-993D-867CDEC1FDA0}.Debug|Any CPU.Build.0 = Debug|Any CPU
		{FBF6E02D-F0E7-4243-993D-867CDEC1FDA0}.Release|Any CPU.ActiveCfg = Release|Any CPU
		{FBF6E02D-F0E7-4243-993D-867CDEC1FDA0}.Release|Any CPU.Build.0 = Release|Any CPU
		{96DEB75D-6E98-4D73-B509-30ECC56C2E72}.Debug|Any CPU.ActiveCfg = Debug|Any CPU
		{96DEB75D-6E98-4D73-B509-30ECC56C2E72}.Debug|Any CPU.Build.0 = Debug|Any CPU
		{96DEB75D-6E98-4D73-B509-30ECC56C2E72}.Release|Any CPU.ActiveCfg = Release|Any CPU
		{96DEB75D-6E98-4D73-B509-30ECC56C2E72}.Release|Any CPU.Build.0 = Release|Any CPU
	EndGlobalSection
	GlobalSection(SolutionProperties) = preSolution
		HideSolutionNode = FALSE
	EndGlobalSection
	GlobalSection(NestedProjects) = preSolution
		{37870642-4772-4CAC-A6DD-B3F1AF756D24} = {F1A99C68-8751-46AA-AD49-50A76128CF89}
		{E2171431-A613-4A15-9C51-2344B9519DCA} = {F1A99C68-8751-46AA-AD49-50A76128CF89}
		{BB57887B-7786-4759-973A-D2121E59FF16} = {F1A99C68-8751-46AA-AD49-50A76128CF89}
		{78E66265-EF30-4994-97CE-66752D788F0A} = {F1A99C68-8751-46AA-AD49-50A76128CF89}
		{FBF6E02D-F0E7-4243-993D-867CDEC1FDA0} = {CEE3C861-BAC7-4E6F-BD60-F684222F9AEF}
		{96DEB75D-6E98-4D73-B509-30ECC56C2E72} = {CEE3C861-BAC7-4E6F-BD60-F684222F9AEF}
	EndGlobalSection
EndGlobal
